
Microsoft Visual Studio Solution File, Format Version 12.00
# Visual Studio Version 17
VisualStudioVersion = 17.8.34601.278
MinimumVisualStudioVersion = 10.0.40219.1
Project("{8BC9CEB8-8B4A-11D0-8D11-00A0C91BC942}") = "GDEV_Graphics", "GDEV_Graphics.vcxproj", "{5EE915D2-A342-4348-BE81-C7C9072E1644}"
EndProject
Global
	GlobalSection(SolutionConfigurationPlatforms) = preSolution
		Debug|x64 = Debug|x64
		Debug|x86 = Debug|x86
		Release|x64 = Release|x64
		Release|x86 = Release|x86
	EndGlobalSection
	GlobalSection(ProjectConfigurationPlatforms) = postSolution
		{5EE915D2-A342-4348-BE81-C7C9072E1644}.Debug|x64.ActiveCfg = Debug|x64
		{5EE915D2-A342-4348-BE81-C7C9072E1644}.Debug|x64.Build.0 = Debug|x64
		{5EE915D2-A342-4348-BE81-C7C9072E1644}.Debug|x86.ActiveCfg = Debug|Win32
		{5EE915D2-A342-4348-BE81-C7C9072E1644}.Debug|x86.Build.0 = Debug|Win32
		{5EE915D2-A342-4348-BE81-C7C9072E1644}.Release|x64.ActiveCfg = Release|x64
		{5EE915D2-A342-4348-BE81-C7C9072E1644}.Release|x64.Build.0 = Release|x64
		{5EE915D2-A342-4348-BE81-C7C9072E1644}.Release|x86.ActiveCfg = Release|Win32
		{5EE915D2-A342-4348-BE81-C7C9072E1644}.Release|x86.Build.0 = Release|Win32
	EndGlobalSection
	GlobalSection(SolutionProperties) = preSolution
		HideSolutionNode = FALSE
	EndGlobalSection
	GlobalSection(ExtensibilityGlobals) = postSolution
		SolutionGuid = {C9907869-0AD7-4E7F-9B0D-8FBE33DC2CD8}
	EndGlobalSection
EndGlobal
